# This file is automatically @generated by Cargo.
# It is not intended for manual editing.
version = 4

[[package]]
name = "libc"
version = "0.2.183"
source = "registry+https://github.com/rust-lang/crates.io-index"
checksum = "b5b646652bf6661599e1da8901b3b9522896f01e736bad5f723fe7a3a27f899d"

[[package]]
name = "memmap2"
version = "0.9.10"
source = "registry+https://github.com/rust-lang/crates.io-index"
checksum = "714098028fe011992e1c3962653c96b2d578c4b4bce9036e15ff220319b1e0e3"
dependencies = [
 "libc",
]

[[package]]
name = "mikuengine"
version = "0.1.0"
dependencies = [
 "polyglot-book-rs",
 "pyrrhic-rs",
]

[[package]]
name = "polyglot-book-rs"
version = "0.1.0"
source = "registry+https://github.com/rust-lang/crates.io-index"
checksum = "d2800f836be0e33f035784fb1dba3e44204fc78098e232a7d67ea1a63db3c79d"

[[package]]
name = "pyrrhic-rs"
version = "0.2.0"
source = "registry+https://github.com/rust-lang/crates.io-index"
checksum = "e3910f053bb86e0d75fb0e61b47d82e456a15c548fb4d8a8da9d9d1a34a4e299"
dependencies = [
 "libc",
 "memmap2",
]
